
Microsoft Visual Studio Solution File, Format Version 12.00
# Visual Studio Version 16
VisualStudioVersion = 16.0.30907.101
MinimumVisualStudioVersion = 10.0.40219.1
Project("{8BC9CEB8-8B4A-11D0-8D11-00A0C91BC942}") = "Sandbox", "Sandbox\Sandbox.vcxproj", "{0A81118E-1D79-44C6-8EEF-121C72496700}"
	ProjectSection(ProjectDependencies) = postProject
		{6488AA0A-1DC5-4200-A683-4413BD72711E} = {6488AA0A-1DC5-4200-A683-4413BD72711E}
		{6CB56A20-628F-4DAC-9755-FE7B0FC8B406} = {6CB56A20-628F-4DAC-9755-FE7B0FC8B406}
		{4999EF7A-51F8-453F-A3FC-ECA1B3629F47} = {4999EF7A-51F8-453F-A3FC-ECA1B3629F47}
		{E6CD6E99-1EA4-47B9-B9B6-24B5D0D85B73} = {E6CD6E99-1EA4-47B9-B9B6-24B5D0D85B73}
		{01D439F4-471B-4E30-8478-07B65841A32C} = {01D439F4-471B-4E30-8478-07B65841A32C}
	EndProjectSection
EndProject
Project("{8BC9CEB8-8B4A-11D0-8D11-00A0C91BC942}") = "Core", "Core\Core.vcxproj", "{6CB56A20-628F-4DAC-9755-FE7B0FC8B406}"
EndProject
Project("{8BC9CEB8-8B4A-11D0-8D11-00A0C91BC942}") = "Common", "Common\Common.vcxproj", "{01D439F4-471B-4E30-8478-07B65841A32C}"
EndProject
Project("{8BC9CEB8-8B4A-11D0-8D11-00A0C91BC942}") = "VirtualSpace", "VirtualSpace\VirtualSpace.vcxproj", "{6488AA0A-1DC5-4200-A683-4413BD72711E}"
EndProject
Project("{8BC9CEB8-8B4A-11D0-8D11-00A0C91BC942}") = "GroupManager", "GroupManager\GroupManager.vcxproj", "{E6CD6E99-1EA4-47B9-B9B6-24B5D0D85B73}"
EndProject
Project("{8BC9CEB8-8B4A-11D0-8D11-00A0C91BC942}") = "Demo", "Demo\Demo.vcxproj", "{4999EF7A-51F8-453F-A3FC-ECA1B3629F47}"
EndProject
Project("{8BC9CEB8-8B4A-11D0-8D11-00A0C91BC942}") = "Pathfinding", "Pathfinding\Pathfinding.vcxproj", "{01F875F1-6229-4325-9B57-D0F7857D5185}"
EndProject
Global
	GlobalSection(SolutionConfigurationPlatforms) = preSolution
		Debug|x64 = Debug|x64
		Debug|x86 = Debug|x86
		Demo|x64 = Demo|x64
		Demo|x86 = Demo|x86
		Release|x64 = Release|x64
		Release|x86 = Release|x86
	EndGlobalSection
	GlobalSection(ProjectConfigurationPlatforms) = postSolution
		{0A81118E-1D79-44C6-8EEF-121C72496700}.Debug|x64.ActiveCfg = Debug|x64
		{0A81118E-1D79-44C6-8EEF-121C72496700}.Debug|x64.Build.0 = Debug|x64
		{0A81118E-1D79-44C6-8EEF-121C72496700}.Debug|x86.ActiveCfg = Debug|Win32
		{0A81118E-1D79-44C6-8EEF-121C72496700}.Debug|x86.Build.0 = Debug|Win32
		{0A81118E-1D79-44C6-8EEF-121C72496700}.Demo|x64.ActiveCfg = Demo|x64
		{0A81118E-1D79-44C6-8EEF-121C72496700}.Demo|x64.Build.0 = Demo|x64
		{0A81118E-1D79-44C6-8EEF-121C72496700}.Demo|x86.ActiveCfg = Demo|Win32
		{0A81118E-1D79-44C6-8EEF-121C72496700}.Demo|x86.Build.0 = Demo|Win32
		{0A81118E-1D79-44C6-8EEF-121C72496700}.Release|x64.ActiveCfg = Release|x64
		{0A81118E-1D79-44C6-8EEF-121C72496700}.Release|x64.Build.0 = Release|x64
		{0A81118E-1D79-44C6-8EEF-121C72496700}.Release|x86.ActiveCfg = Release|Win32
		{0A81118E-1D79-44C6-8EEF-121C72496700}.Release|x86.Build.0 = Release|Win32
		{6CB56A20-628F-4DAC-9755-FE7B0FC8B406}.Debug|x64.ActiveCfg = Debug|x64
		{6CB56A20-628F-4DAC-9755-FE7B0FC8B406}.Debug|x64.Build.0 = Debug|x64
		{6CB56A20-628F-4DAC-9755-FE7B0FC8B406}.Debug|x86.ActiveCfg = Debug|Win32
		{6CB56A20-628F-4DAC-9755-FE7B0FC8B406}.Debug|x86.Build.0 = Debug|Win32
		{6CB56A20-628F-4DAC-9755-FE7B0FC8B406}.Demo|x64.ActiveCfg = Demo|x64
		{6CB56A20-628F-4DAC-9755-FE7B0FC8B406}.Demo|x64.Build.0 = Demo|x64
		{6CB56A20-628F-4DAC-9755-FE7B0FC8B406}.Demo|x86.ActiveCfg = Demo|Win32
		{6CB56A20-628F-4DAC-9755-FE7B0FC8B406}.Demo|x86.Build.0 = Demo|Win32
		{6CB56A20-628F-4DAC-9755-FE7B0FC8B406}.Release|x64.ActiveCfg = Release|x64
		{6CB56A20-628F-4DAC-9755-FE7B0FC8B406}.Release|x64.Build.0 = Release|x64
		{6CB56A20-628F-4DAC-9755-FE7B0FC8B406}.Release|x86.ActiveCfg = Release|Win32
		{6CB56A20-628F-4DAC-9755-FE7B0FC8B406}.Release|x86.Build.0 = Release|Win32
		{01D439F4-471B-4E30-8478-07B65841A32C}.Debug|x64.ActiveCfg = Debug|x64
		{01D439F4-471B-4E30-8478-07B65841A32C}.Debug|x64.Build.0 = Debug|x64
		{01D439F4-471B-4E30-8478-07B65841A32C}.Debug|x86.ActiveCfg = Debug|Win32
		{01D439F4-471B-4E30-8478-07B65841A32C}.Debug|x86.Build.0 = Debug|Win32
		{01D439F4-471B-4E30-8478-07B65841A32C}.Demo|x64.ActiveCfg = Demo|x64
		{01D439F4-471B-4E30-8478-07B65841A32C}.Demo|x64.Build.0 = Demo|x64
		{01D439F4-471B-4E30-8478-07B65841A32C}.Demo|x86.ActiveCfg = Demo|Win32
		{01D439F4-471B-4E30-8478-07B65841A32C}.Demo|x86.Build.0 = Demo|Win32
		{01D439F4-471B-4E30-8478-07B65841A32C}.Release|x64.ActiveCfg = Release|x64
		{01D439F4-471B-4E30-8478-07B65841A32C}.Release|x64.Build.0 = Release|x64
		{01D439F4-471B-4E30-8478-07B65841A32C}.Release|x86.ActiveCfg = Release|Win32
		{01D439F4-471B-4E30-8478-07B65841A32C}.Release|x86.Build.0 = Release|Win32
		{6488AA0A-1DC5-4200-A683-4413BD72711E}.Debug|x64.ActiveCfg = Debug|x64
		{6488AA0A-1DC5-4200-A683-4413BD72711E}.Debug|x64.Build.0 = Debug|x64
		{6488AA0A-1DC5-4200-A683-4413BD72711E}.Debug|x86.ActiveCfg = Debug|Win32
		{6488AA0A-1DC5-4200-A683-4413BD72711E}.Debug|x86.Build.0 = Debug|Win32
		{6488AA0A-1DC5-4200-A683-4413BD72711E}.Demo|x64.ActiveCfg = Demo|x64
		{6488AA0A-1DC5-4200-A683-4413BD72711E}.Demo|x64.Build.0 = Demo|x64
		{6488AA0A-1DC5-4200-A683-4413BD72711E}.Demo|x86.ActiveCfg = Demo|Win32
		{6488AA0A-1DC5-4200-A683-4413BD72711E}.Demo|x86.Build.0 = Demo|Win32
		{6488AA0A-1DC5-4200-A683-4413BD72711E}.Release|x64.ActiveCfg = Release|x64
		{6488AA0A-1DC5-4200-A683-4413BD72711E}.Release|x64.Build.0 = Release|x64
		{6488AA0A-1DC5-4200-A683-4413BD72711E}.Release|x86.ActiveCfg = Release|Win32
		{6488AA0A-1DC5-4200-A683-4413BD72711E}.Release|x86.Build.0 = Release|Win32
		{E6CD6E99-1EA4-47B9-B9B6-24B5D0D85B73}.Debug|x64.ActiveCfg = Debug|x64
		{E6CD6E99-1EA4-47B9-B9B6-24B5D0D85B73}.Debug|x64.Build.0 = Debug|x64
		{E6CD6E99-1EA4-47B9-B9B6-24B5D0D85B73}.Debug|x86.ActiveCfg = Debug|Win32
		{E6CD6E99-1EA4-47B9-B9B6-24B5D0D85B73}.Debug|x86.Build.0 = Debug|Win32
		{E6CD6E99-1EA4-47B9-B9B6-24B5D0D85B73}.Demo|x64.ActiveCfg = Demo|x64
		{E6CD6E99-1EA4-47B9-B9B6-24B5D0D85B73}.Demo|x64.Build.0 = Demo|x64
		{E6CD6E99-1EA4-47B9-B9B6-24B5D0D85B73}.Demo|x86.ActiveCfg = Demo|Win32
		{E6CD6E99-1EA4-47B9-B9B6-24B5D0D85B73}.Demo|x86.Build.0 = Demo|Win32
		{E6CD6E99-1EA4-47B9-B9B6-24B5D0D85B73}.Release|x64.ActiveCfg = Release|x64
		{E6CD6E99-1EA4-47B9-B9B6-24B5D0D85B73}.Release|x64.Build.0 = Release|x64
		{E6CD6E99-1EA4-47B9-B9B6-24B5D0D85B73}.Release|x86.ActiveCfg = Release|Win32
		{E6CD6E99-1EA4-47B9-B9B6-24B5D0D85B73}.Release|x86.Build.0 = Release|Win32
		{4999EF7A-51F8-453F-A3FC-ECA1B3629F47}.Debug|x64.ActiveCfg = Debug|x64
		{4999EF7A-51F8-453F-A3FC-ECA1B3629F47}.Debug|x86.ActiveCfg = Debug|Win32
		{4999EF7A-51F8-453F-A3FC-ECA1B3629F47}.Demo|x64.ActiveCfg = Demo|x64
		{4999EF7A-51F8-453F-A3FC-ECA1B3629F47}.Demo|x64.Build.0 = Demo|x64
		{4999EF7A-51F8-453F-A3FC-ECA1B3629F47}.Demo|x86.ActiveCfg = Demo|Win32
		{4999EF7A-51F8-453F-A3FC-ECA1B3629F47}.Demo|x86.Build.0 = Demo|Win32
		{4999EF7A-51F8-453F-A3FC-ECA1B3629F47}.Release|x64.ActiveCfg = Release|x64
		{4999EF7A-51F8-453F-A3FC-ECA1B3629F47}.Release|x86.ActiveCfg = Release|Win32
		{01F875F1-6229-4325-9B57-D0F7857D5185}.Debug|x64.ActiveCfg = Debug|x64
		{01F875F1-6229-4325-9B57-D0F7857D5185}.Debug|x64.Build.0 = Debug|x64
		{01F875F1-6229-4325-9B57-D0F7857D5185}.Debug|x86.ActiveCfg = Debug|Win32
		{01F875F1-6229-4325-9B57-D0F7857D5185}.Debug|x86.Build.0 = Debug|Win32
		{01F875F1-6229-4325-9B57-D0F7857D5185}.Demo|x64.ActiveCfg = Debug|x64
		{01F875F1-6229-4325-9B57-D0F7857D5185}.Demo|x64.Build.0 = Debug|x64
		{01F875F1-6229-4325-9B57-D0F7857D5185}.Demo|x86.ActiveCfg = Debug|Win32
		{01F875F1-6229-4325-9B57-D0F7857D5185}.Demo|x86.Build.0 = Debug|Win32
		{01F875F1-6229-4325-9B57-D0F7857D5185}.Release|x64.ActiveCfg = Release|x64
		{01F875F1-6229-4325-9B57-D0F7857D5185}.Release|x64.Build.0 = Release|x64
		{01F875F1-6229-4325-9B57-D0F7857D5185}.Release|x86.ActiveCfg = Release|Win32
		{01F875F1-6229-4325-9B57-D0F7857D5185}.Release|x86.Build.0 = Release|Win32
	EndGlobalSection
	GlobalSection(SolutionProperties) = preSolution
		HideSolutionNode = FALSE
	EndGlobalSection
	GlobalSection(ExtensibilityGlobals) = postSolution
		SolutionGuid = {B87A1AC7-4074-40FC-88BC-E076EBA0E7B1}
	EndGlobalSection
EndGlobal
